
Microsoft Visual Studio Solution File, Format Version 12.00
# Visual Studio Version 17
VisualStudioVersion = 17.11.35208.52
MinimumVisualStudioVersion = 10.0.40219.1
Project("{FAE04EC0-301F-11D3-BF4B-00C04F79EFBC}") = "Scratch3D", "Scratch3D.csproj", "{3F568A7D-DBAD-4E43-9AE6-59007FD111CD}"
EndProject
Global
	GlobalSection(SolutionConfigurationPlatforms) = preSolution
		Debug|Any CPU = Debug|Any CPU
		Release|Any CPU = Release|Any CPU
	EndGlobalSection
	GlobalSection(ProjectConfigurationPlatforms) = postSolution
		{3F568A7D-DBAD-4E43-9AE6-59007FD111CD}.Debug|Any CPU.ActiveCfg = Debug|Any CPU
		{3F568A7D-DBAD-4E43-9AE6-59007FD111CD}.Debug|Any CPU.Build.0 = Debug|Any CPU
		{3F568A7D-DBAD-4E43-9AE6-59007FD111CD}.Release|Any CPU.ActiveCfg = Release|Any CPU
		{3F568A7D-DBAD-4E43-9AE6-59007FD111CD}.Release|Any CPU.Build.0 = Release|Any CPU
	EndGlobalSection
	GlobalSection(SolutionProperties) = preSolution
		HideSolutionNode = FALSE
	EndGlobalSection
	GlobalSection(ExtensibilityGlobals) = postSolution
		SolutionGuid = {02C78F85-5783-464F-860F-E3D2B0B73A4B}
	EndGlobalSection
EndGlobal
